// !$*UTF8*$!
{
	archiveVersion = 1;
	classes = {
	};
	objectVersion = 56;
	objects = {

/* Begin PBXBuildFile section */
		38324C642BC20FDE00F19A9D /* ImageScrollingOverlay.swift in Sources */ = {isa = PBXBuildFile; fileRef = 38324C632BC20FDE00F19A9D /* ImageScrollingOverlay.swift */; };
		38324C662BC23C9B00F19A9D /* CardImageIndicatorView.swift in Sources */ = {isa = PBXBuildFile; fileRef = 38324C652BC23C9B00F19A9D /* CardImageIndicatorView.swift */; };
		38324C682BC2412600F19A9D /* CardStackView.swift in Sources */ = {isa = PBXBuildFile; fileRef = 38324C672BC2412600F19A9D /* CardStackView.swift */; };
		38324C6C2BC243F900F19A9D /* User.swift in Sources */ = {isa = PBXBuildFile; fileRef = 38324C6B2BC243F900F19A9D /* User.swift */; };
		38324C6F2BC2447E00F19A9D /* CardModel.swift in Sources */ = {isa = PBXBuildFile; fileRef = 38324C6E2BC2447E00F19A9D /* CardModel.swift */; };
		38324C722BC32CB700F19A9D /* CardsViewModel.swift in Sources */ = {isa = PBXBuildFile; fileRef = 38324C712BC32CB700F19A9D /* CardsViewModel.swift */; };
		38324C752BC32D4D00F19A9D /* CardService.swift in Sources */ = {isa = PBXBuildFile; fileRef = 38324C742BC32D4D00F19A9D /* CardService.swift */; };
		38324C782BC32EBB00F19A9D /* MockData.swift in Sources */ = {isa = PBXBuildFile; fileRef = 38324C772BC32EBB00F19A9D /* MockData.swift */; };
		38FE9BD32BB09AD4001C4341 /* CinderApp.swift in Sources */ = {isa = PBXBuildFile; fileRef = 38FE9BD22BB09AD4001C4341 /* CinderApp.swift */; };
		38FE9BD52BB09AD4001C4341 /* ContentView.swift in Sources */ = {isa = PBXBuildFile; fileRef = 38FE9BD42BB09AD4001C4341 /* ContentView.swift */; };
		38FE9BD72BB09AD7001C4341 /* Assets.xcassets in Resources */ = {isa = PBXBuildFile; fileRef = 38FE9BD62BB09AD7001C4341 /* Assets.xcassets */; };
		38FE9BDA2BB09AD7001C4341 /* Preview Assets.xcassets in Resources */ = {isa = PBXBuildFile; fileRef = 38FE9BD92BB09AD7001C4341 /* Preview Assets.xcassets */; };
		38FE9BEB2BB09BD9001C4341 /* MainTabView.swift in Sources */ = {isa = PBXBuildFile; fileRef = 38FE9BEA2BB09BD9001C4341 /* MainTabView.swift */; };
		38FE9BED2BB09EC5001C4341 /* CardView.swift in Sources */ = {isa = PBXBuildFile; fileRef = 38FE9BEC2BB09EC5001C4341 /* CardView.swift */; };
		38FE9BEF2BB0A671001C4341 /* UserInfoView.swift in Sources */ = {isa = PBXBuildFile; fileRef = 38FE9BEE2BB0A671001C4341 /* UserInfoView.swift */; };
		38FE9BF42BB0FA01001C4341 /* SwipeActionIndicatorView.swift in Sources */ = {isa = PBXBuildFile; fileRef = 38FE9BF32BB0FA01001C4341 /* SwipeActionIndicatorView.swift */; };
		38FE9BF72BB100E7001C4341 /* SizeConstants.swift in Sources */ = {isa = PBXBuildFile; fileRef = 38FE9BF62BB100E7001C4341 /* SizeConstants.swift */; };
/* End PBXBuildFile section */

/* Begin PBXFileReference section */
		38324C632BC20FDE00F19A9D /* ImageScrollingOverlay.swift */ = {isa = PBXFileReference; lastKnownFileType = sourcecode.swift; path = ImageScrollingOverlay.swift; sourceTree = "<group>"; };
		38324C652BC23C9B00F19A9D /* CardImageIndicatorView.swift */ = {isa = PBXFileReference; lastKnownFileType = sourcecode.swift; path = CardImageIndicatorView.swift; sourceTree = "<group>"; };
		38324C672BC2412600F19A9D /* CardStackView.swift */ = {isa = PBXFileReference; lastKnownFileType = sourcecode.swift; path = CardStackView.swift; sourceTree = "<group>"; };
		38324C6B2BC243F900F19A9D /* User.swift */ = {isa = PBXFileReference; lastKnownFileType = sourcecode.swift; path = User.swift; sourceTree = "<group>"; };
		38324C6E2BC2447E00F19A9D /* CardModel.swift */ = {isa = PBXFileReference; lastKnownFileType = sourcecode.swift; path = CardModel.swift; sourceTree = "<group>"; };
		38324C712BC32CB700F19A9D /* CardsViewModel.swift */ = {isa = PBXFileReference; lastKnownFileType = sourcecode.swift; path = CardsViewModel.swift; sourceTree = "<group>"; };
		38324C742BC32D4D00F19A9D /* CardService.swift */ = {isa = PBXFileReference; lastKnownFileType = sourcecode.swift; path = CardService.swift; sourceTree = "<group>"; };
		38324C772BC32EBB00F19A9D /* MockData.swift */ = {isa = PBXFileReference; lastKnownFileType = sourcecode.swift; path = MockData.swift; sourceTree = "<group>"; };
		38FE9BCF2BB09AD4001C4341 /* Cinder.app */ = {isa = PBXFileReference; explicitFileType = wrapper.application; includeInIndex = 0; path = Cinder.app; sourceTree = BUILT_PRODUCTS_DIR; };
		38FE9BD22BB09AD4001C4341 /* CinderApp.swift */ = {isa = PBXFileReference; lastKnownFileType = sourcecode.swift; path = CinderApp.swift; sourceTree = "<group>"; };
		38FE9BD42BB09AD4001C4341 /* ContentView.swift */ = {isa = PBXFileReference; lastKnownFileType = sourcecode.swift; path = ContentView.swift; sourceTree = "<group>"; };
		38FE9BD62BB09AD7001C4341 /* Assets.xcassets */ = {isa = PBXFileReference; lastKnownFileType = folder.assetcatalog; path = Assets.xcassets; sourceTree = "<group>"; };
		38FE9BD92BB09AD7001C4341 /* Preview Assets.xcassets */ = {isa = PBXFileReference; lastKnownFileType = folder.assetcatalog; path = "Preview Assets.xcassets"; sourceTree = "<group>"; };
		38FE9BEA2BB09BD9001C4341 /* MainTabView.swift */ = {isa = PBXFileReference; lastKnownFileType = sourcecode.swift; path = MainTabView.swift; sourceTree = "<group>"; };
		38FE9BEC2BB09EC5001C4341 /* CardView.swift */ = {isa = PBXFileReference; lastKnownFileType = sourcecode.swift; path = CardView.swift; sourceTree = "<group>"; };
		38FE9BEE2BB0A671001C4341 /* UserInfoView.swift */ = {isa = PBXFileReference; lastKnownFileType = sourcecode.swift; path = UserInfoView.swift; sourceTree = "<group>"; };
		38FE9BF32BB0FA01001C4341 /* SwipeActionIndicatorView.swift */ = {isa = PBXFileReference; lastKnownFileType = sourcecode.swift; path = SwipeActionIndicatorView.swift; sourceTree = "<group>"; };
		38FE9BF62BB100E7001C4341 /* SizeConstants.swift */ = {isa = PBXFileReference; lastKnownFileType = sourcecode.swift; path = SizeConstants.swift; sourceTree = "<group>"; };
/* End PBXFileReference section */

/* Begin PBXFrameworksBuildPhase section */
		38FE9BCC2BB09AD4001C4341 /* Frameworks */ = {
			isa = PBXFrameworksBuildPhase;
			buildActionMask = 2147483647;
			files = (
			);
			runOnlyForDeploymentPostprocessing = 0;
		};
/* End PBXFrameworksBuildPhase section */

/* Begin PBXGroup section */
		38324C692BC243E600F19A9D /* Users */ = {
			isa = PBXGroup;
			children = (
				38324C6A2BC243EC00F19A9D /* Model */,
			);
			path = Users;
			sourceTree = "<group>";
		};
		38324C6A2BC243EC00F19A9D /* Model */ = {
			isa = PBXGroup;
			children = (
				38324C6B2BC243F900F19A9D /* User.swift */,
			);
			path = Model;
			sourceTree = "<group>";
		};
		38324C6D2BC2446800F19A9D /* Model */ = {
			isa = PBXGroup;
			children = (
				38324C6E2BC2447E00F19A9D /* CardModel.swift */,
			);
			path = Model;
			sourceTree = "<group>";
		};
		38324C702BC32C8400F19A9D /* ViewModel */ = {
			isa = PBXGroup;
			children = (
				38324C712BC32CB700F19A9D /* CardsViewModel.swift */,
			);
			path = ViewModel;
			sourceTree = "<group>";
		};
		38324C732BC32D4300F19A9D /* Service */ = {
			isa = PBXGroup;
			children = (
				38324C742BC32D4D00F19A9D /* CardService.swift */,
			);
			path = Service;
			sourceTree = "<group>";
		};
		38324C762BC32EA600F19A9D /* MockData */ = {
			isa = PBXGroup;
			children = (
				38324C772BC32EBB00F19A9D /* MockData.swift */,
			);
			path = MockData;
			sourceTree = "<group>";
		};
		38FE9BC62BB09AD4001C4341 = {
			isa = PBXGroup;
			children = (
				38FE9BD12BB09AD4001C4341 /* Cinder */,
				38FE9BD02BB09AD4001C4341 /* Products */,
			);
			sourceTree = "<group>";
		};
		38FE9BD02BB09AD4001C4341 /* Products */ = {
			isa = PBXGroup;
			children = (
				38FE9BCF2BB09AD4001C4341 /* Cinder.app */,
			);
			name = Products;
			sourceTree = "<group>";
		};
		38FE9BD12BB09AD4001C4341 /* Cinder */ = {
			isa = PBXGroup;
			children = (
				38FE9BE42BB09B1A001C4341 /* App */,
				38FE9BE32BB09B17001C4341 /* Core */,
				38FE9BE22BB09B0F001C4341 /* Extensions */,
				38FE9BE12BB09B08001C4341 /* Shared */,
				38FE9BE02BB09B03001C4341 /* Utils */,
				38FE9BD42BB09AD4001C4341 /* ContentView.swift */,
				38FE9BD62BB09AD7001C4341 /* Assets.xcassets */,
				38FE9BD82BB09AD7001C4341 /* Preview Content */,
			);
			path = Cinder;
			sourceTree = "<group>";
		};
		38FE9BD82BB09AD7001C4341 /* Preview Content */ = {
			isa = PBXGroup;
			children = (
				38FE9BD92BB09AD7001C4341 /* Preview Assets.xcassets */,
			);
			path = "Preview Content";
			sourceTree = "<group>";
		};
		38FE9BE02BB09B03001C4341 /* Utils */ = {
			isa = PBXGroup;
			children = (
				38324C762BC32EA600F19A9D /* MockData */,
				38FE9BF52BB100D3001C4341 /* Constants */,
			);
			path = Utils;
			sourceTree = "<group>";
		};
		38FE9BE12BB09B08001C4341 /* Shared */ = {
			isa = PBXGroup;
			children = (
				38324C692BC243E600F19A9D /* Users */,
			);
			path = Shared;
			sourceTree = "<group>";
		};
		38FE9BE22BB09B0F001C4341 /* Extensions */ = {
			isa = PBXGroup;
			children = (
			);
			path = Extensions;
			sourceTree = "<group>";
		};
		38FE9BE32BB09B17001C4341 /* Core */ = {
			isa = PBXGroup;
			children = (
				38FE9BE62BB09B76001C4341 /* Cards */,
				38FE9BE92BB09B89001C4341 /* Messaging */,
				38FE9BE72BB09B7B001C4341 /* Profile */,
				38FE9BE82BB09B85001C4341 /* Search */,
				38FE9BE52BB09B6D001C4341 /* TabBar */,
			);
			path = Core;
			sourceTree = "<group>";
		};
		38FE9BE42BB09B1A001C4341 /* App */ = {
			isa = PBXGroup;
			children = (
				38FE9BD22BB09AD4001C4341 /* CinderApp.swift */,
			);
			path = App;
			sourceTree = "<group>";
		};
		38FE9BE52BB09B6D001C4341 /* TabBar */ = {
			isa = PBXGroup;
			children = (
				38FE9BEA2BB09BD9001C4341 /* MainTabView.swift */,
			);
			path = TabBar;
			sourceTree = "<group>";
		};
		38FE9BE62BB09B76001C4341 /* Cards */ = {
			isa = PBXGroup;
			children = (
				38324C732BC32D4300F19A9D /* Service */,
				38324C702BC32C8400F19A9D /* ViewModel */,
				38324C6D2BC2446800F19A9D /* Model */,
				38FE9BF02BB0F9AC001C4341 /* Views */,
			);
			path = Cards;
			sourceTree = "<group>";
		};
		38FE9BE72BB09B7B001C4341 /* Profile */ = {
			isa = PBXGroup;
			children = (
			);
			path = Profile;
			sourceTree = "<group>";
		};
		38FE9BE82BB09B85001C4341 /* Search */ = {
			isa = PBXGroup;
			children = (
			);
			path = Search;
			sourceTree = "<group>";
		};
		38FE9BE92BB09B89001C4341 /* Messaging */ = {
			isa = PBXGroup;
			children = (
			);
			path = Messaging;
			sourceTree = "<group>";
		};
		38FE9BF02BB0F9AC001C4341 /* Views */ = {
			isa = PBXGroup;
			children = (
				38FE9BEC2BB09EC5001C4341 /* CardView.swift */,
				38FE9BEE2BB0A671001C4341 /* UserInfoView.swift */,
				38FE9BF32BB0FA01001C4341 /* SwipeActionIndicatorView.swift */,
				38324C632BC20FDE00F19A9D /* ImageScrollingOverlay.swift */,
				38324C652BC23C9B00F19A9D /* CardImageIndicatorView.swift */,
				38324C672BC2412600F19A9D /* CardStackView.swift */,
			);
			path = Views;
			sourceTree = "<group>";
		};
		38FE9BF52BB100D3001C4341 /* Constants */ = {
			isa = PBXGroup;
			children = (
				38FE9BF62BB100E7001C4341 /* SizeConstants.swift */,
			);
			path = Constants;
			sourceTree = "<group>";
		};
/* End PBXGroup section */

/* Begin PBXNativeTarget section */
		38FE9BCE2BB09AD4001C4341 /* Cinder */ = {
			isa = PBXNativeTarget;
			buildConfigurationList = 38FE9BDD2BB09AD7001C4341 /* Build configuration list for PBXNativeTarget "Cinder" */;
			buildPhases = (
				38FE9BCB2BB09AD4001C4341 /* Sources */,
				38FE9BCC2BB09AD4001C4341 /* Frameworks */,
				38FE9BCD2BB09AD4001C4341 /* Resources */,
			);
			buildRules = (
			);
			dependencies = (
			);
			name = Cinder;
			productName = Cinder;
			productReference = 38FE9BCF2BB09AD4001C4341 /* Cinder.app */;
			productType = "com.apple.product-type.application";
		};
/* End PBXNativeTarget section */

/* Begin PBXProject section */
		38FE9BC72BB09AD4001C4341 /* Project object */ = {
			isa = PBXProject;
			attributes = {
				BuildIndependentTargetsInParallel = 1;
				LastSwiftUpdateCheck = 1520;
				LastUpgradeCheck = 1520;
				TargetAttributes = {
					38FE9BCE2BB09AD4001C4341 = {
						CreatedOnToolsVersion = 15.2;
					};
				};
			};
			buildConfigurationList = 38FE9BCA2BB09AD4001C4341 /* Build configuration list for PBXProject "Cinder" */;
			compatibilityVersion = "Xcode 14.0";
			developmentRegion = en;
			hasScannedForEncodings = 0;
			knownRegions = (
				en,
				Base,
			);
			mainGroup = 38FE9BC62BB09AD4001C4341;
			productRefGroup = 38FE9BD02BB09AD4001C4341 /* Products */;
			projectDirPath = "";
			projectRoot = "";
			targets = (
				38FE9BCE2BB09AD4001C4341 /* Cinder */,
			);
		};
/* End PBXProject section */

/* Begin PBXResourcesBuildPhase section */
		38FE9BCD2BB09AD4001C4341 /* Resources */ = {
			isa = PBXResourcesBuildPhase;
			buildActionMask = 2147483647;
			files = (
				38FE9BDA2BB09AD7001C4341 /* Preview Assets.xcassets in Resources */,
				38FE9BD72BB09AD7001C4341 /* Assets.xcassets in Resources */,
			);
			runOnlyForDeploymentPostprocessing = 0;
		};
/* End PBXResourcesBuildPhase section */

/* Begin PBXSourcesBuildPhase section */
		38FE9BCB2BB09AD4001C4341 /* Sources */ = {
			isa = PBXSourcesBuildPhase;
			buildActionMask = 2147483647;
			files = (
				38324C642BC20FDE00F19A9D /* ImageScrollingOverlay.swift in Sources */,
				38324C752BC32D4D00F19A9D /* CardService.swift in Sources */,
				38FE9BEB2BB09BD9001C4341 /* MainTabView.swift in Sources */,
				38FE9BF42BB0FA01001C4341 /* SwipeActionIndicatorView.swift in Sources */,
				38324C782BC32EBB00F19A9D /* MockData.swift in Sources */,
				38FE9BD52BB09AD4001C4341 /* ContentView.swift in Sources */,
				38324C662BC23C9B00F19A9D /* CardImageIndicatorView.swift in Sources */,
				38324C6F2BC2447E00F19A9D /* CardModel.swift in Sources */,
				38324C682BC2412600F19A9D /* CardStackView.swift in Sources */,
				38FE9BED2BB09EC5001C4341 /* CardView.swift in Sources */,
				38FE9BF72BB100E7001C4341 /* SizeConstants.swift in Sources */,
				38FE9BD32BB09AD4001C4341 /* CinderApp.swift in Sources */,
				38324C722BC32CB700F19A9D /* CardsViewModel.swift in Sources */,
				38FE9BEF2BB0A671001C4341 /* UserInfoView.swift in Sources */,
				38324C6C2BC243F900F19A9D /* User.swift in Sources */,
			);
			runOnlyForDeploymentPostprocessing = 0;
		};
/* End PBXSourcesBuildPhase section */

/* Begin XCBuildConfiguration section */
		38FE9BDB2BB09AD7001C4341 /* Debug */ = {
			isa = XCBuildConfiguration;
			buildSettings = {
				ALWAYS_SEARCH_USER_PATHS = NO;
				ASSETCATALOG_COMPILER_GENERATE_SWIFT_ASSET_SYMBOL_EXTENSIONS = YES;
				CLANG_ANALYZER_NONNULL = YES;
				CLANG_ANALYZER_NUMBER_OBJECT_CONVERSION = YES_AGGRESSIVE;
				CLANG_CXX_LANGUAGE_STANDARD = "gnu++20";
				CLANG_ENABLE_MODULES = YES;
				CLANG_ENABLE_OBJC_ARC = YES;
				CLANG_ENABLE_OBJC_WEAK = YES;
				CLANG_WARN_BLOCK_CAPTURE_AUTORELEASING = YES;
				CLANG_WARN_BOOL_CONVERSION = YES;
				CLANG_WARN_COMMA = YES;
				CLANG_WARN_CONSTANT_CONVERSION = YES;
				CLANG_WARN_DEPRECATED_OBJC_IMPLEMENTATIONS = YES;
				CLANG_WARN_DIRECT_OBJC_ISA_USAGE = YES_ERROR;
				CLANG_WARN_DOCUMENTATION_COMMENTS = YES;
				CLANG_WARN_EMPTY_BODY = YES;
				CLANG_WARN_ENUM_CONVERSION = YES;
				CLANG_WARN_INFINITE_RECURSION = YES;
				CLANG_WARN_INT_CONVERSION = YES;
				CLANG_WARN_NON_LITERAL_NULL_CONVERSION = YES;
				CLANG_WARN_OBJC_IMPLICIT_RETAIN_SELF = YES;
				CLANG_WARN_OBJC_LITERAL_CONVERSION = YES;
				CLANG_WARN_OBJC_ROOT_CLASS = YES_ERROR;
				CLANG_WARN_QUOTED_INCLUDE_IN_FRAMEWORK_HEADER = YES;
				CLANG_WARN_RANGE_LOOP_ANALYSIS = YES;
				CLANG_WARN_STRICT_PROTOTYPES = YES;
				CLANG_WARN_SUSPICIOUS_MOVE = YES;
				CLANG_WARN_UNGUARDED_AVAILABILITY = YES_AGGRESSIVE;
				CLANG_WARN_UNREACHABLE_CODE = YES;
				CLANG_WARN__DUPLICATE_METHOD_MATCH = YES;
				COPY_PHASE_STRIP = NO;
				DEBUG_INFORMATION_FORMAT = dwarf;
				ENABLE_STRICT_OBJC_MSGSEND = YES;
				ENABLE_TESTABILITY = YES;
				ENABLE_USER_SCRIPT_SANDBOXING = YES;
				GCC_C_LANGUAGE_STANDARD = gnu17;
				GCC_DYNAMIC_NO_PIC = NO;
				GCC_NO_COMMON_BLOCKS = YES;
				GCC_OPTIMIZATION_LEVEL = 0;
				GCC_PREPROCESSOR_DEFINITIONS = (
					"DEBUG=1",
					"$(inherited)",
				);
				GCC_WARN_64_TO_32_BIT_CONVERSION = YES;
				GCC_WARN_ABOUT_RETURN_TYPE = YES_ERROR;
				GCC_WARN_UNDECLARED_SELECTOR = YES;
				GCC_WARN_UNINITIALIZED_AUTOS = YES_AGGRESSIVE;
				GCC_WARN_UNUSED_FUNCTION = YES;
				GCC_WARN_UNUSED_VARIABLE = YES;
				IPHONEOS_DEPLOYMENT_TARGET = 17.2;
				LOCALIZATION_PREFERS_STRING_CATALOGS = YES;
				MTL_ENABLE_DEBUG_INFO = INCLUDE_SOURCE;
				MTL_FAST_MATH = YES;
				ONLY_ACTIVE_ARCH = YES;
				SDKROOT = iphoneos;
				SWIFT_ACTIVE_COMPILATION_CONDITIONS = "DEBUG $(inherited)";
				SWIFT_OPTIMIZATION_LEVEL = "-Onone";
			};
			name = Debug;
		};
		38FE9BDC2BB09AD7001C4341 /* Release */ = {
			isa = XCBuildConfiguration;
			buildSettings = {
				ALWAYS_SEARCH_USER_PATHS = NO;
				ASSETCATALOG_COMPILER_GENERATE_SWIFT_ASSET_SYMBOL_EXTENSIONS = YES;
				CLANG_ANALYZER_NONNULL = YES;
				CLANG_ANALYZER_NUMBER_OBJECT_CONVERSION = YES_AGGRESSIVE;
				CLANG_CXX_LANGUAGE_STANDARD = "gnu++20";
				CLANG_ENABLE_MODULES = YES;
				CLANG_ENABLE_OBJC_ARC = YES;
				CLANG_ENABLE_OBJC_WEAK = YES;
				CLANG_WARN_BLOCK_CAPTURE_AUTORELEASING = YES;
				CLANG_WARN_BOOL_CONVERSION = YES;
				CLANG_WARN_COMMA = YES;
				CLANG_WARN_CONSTANT_CONVERSION = YES;
				CLANG_WARN_DEPRECATED_OBJC_IMPLEMENTATIONS = YES;
				CLANG_WARN_DIRECT_OBJC_ISA_USAGE = YES_ERROR;
				CLANG_WARN_DOCUMENTATION_COMMENTS = YES;
				CLANG_WARN_EMPTY_BODY = YES;
				CLANG_WARN_ENUM_CONVERSION = YES;
				CLANG_WARN_INFINITE_RECURSION = YES;
				CLANG_WARN_INT_CONVERSION = YES;
				CLANG_WARN_NON_LITERAL_NULL_CONVERSION = YES;
				CLANG_WARN_OBJC_IMPLICIT_RETAIN_SELF = YES;
				CLANG_WARN_OBJC_LITERAL_CONVERSION = YES;
				CLANG_WARN_OBJC_ROOT_CLASS = YES_ERROR;
				CLANG_WARN_QUOTED_INCLUDE_IN_FRAMEWORK_HEADER = YES;
				CLANG_WARN_RANGE_LOOP_ANALYSIS = YES;
				CLANG_WARN_STRICT_PROTOTYPES = YES;
				CLANG_WARN_SUSPICIOUS_MOVE = YES;
				CLANG_WARN_UNGUARDED_AVAILABILITY = YES_AGGRESSIVE;
				CLANG_WARN_UNREACHABLE_CODE = YES;
				CLANG_WARN__DUPLICATE_METHOD_MATCH = YES;
				COPY_PHASE_STRIP = NO;
				DEBUG_INFORMATION_FORMAT = "dwarf-with-dsym";
				ENABLE_NS_ASSERTIONS = NO;
				ENABLE_STRICT_OBJC_MSGSEND = YES;
				ENABLE_USER_SCRIPT_SANDBOXING = YES;
				GCC_C_LANGUAGE_STANDARD = gnu17;
				GCC_NO_COMMON_BLOCKS = YES;
				GCC_WARN_64_TO_32_BIT_CONVERSION = YES;
				GCC_WARN_ABOUT_RETURN_TYPE = YES_ERROR;
				GCC_WARN_UNDECLARED_SELECTOR = YES;
				GCC_WARN_UNINITIALIZED_AUTOS = YES_AGGRESSIVE;
				GCC_WARN_UNUSED_FUNCTION = YES;
				GCC_WARN_UNUSED_VARIABLE = YES;
				IPHONEOS_DEPLOYMENT_TARGET = 17.2;
				LOCALIZATION_PREFERS_STRING_CATALOGS = YES;
				MTL_ENABLE_DEBUG_INFO = NO;
				MTL_FAST_MATH = YES;
				SDKROOT = iphoneos;
				SWIFT_COMPILATION_MODE = wholemodule;
				VALIDATE_PRODUCT = YES;
			};
			name = Release;
		};
		38FE9BDE2BB09AD7001C4341 /* Debug */ = {
			isa = XCBuildConfiguration;
			buildSettings = {
				ASSETCATALOG_COMPILER_APPICON_NAME = AppIcon;
				ASSETCATALOG_COMPILER_GLOBAL_ACCENT_COLOR_NAME = AccentColor;
				CODE_SIGN_STYLE = Automatic;
				CURRENT_PROJECT_VERSION = 1;
				DEVELOPMENT_ASSET_PATHS = "\"Cinder/Preview Content\"";
				DEVELOPMENT_TEAM = 356X6XF9UX;
				ENABLE_PREVIEWS = YES;
				GENERATE_INFOPLIST_FILE = YES;
				INFOPLIST_KEY_UIApplicationSceneManifest_Generation = YES;
				INFOPLIST_KEY_UIApplicationSupportsIndirectInputEvents = YES;
				INFOPLIST_KEY_UILaunchScreen_Generation = YES;
				INFOPLIST_KEY_UISupportedInterfaceOrientations_iPad = "UIInterfaceOrientationPortrait UIInterfaceOrientationPortraitUpsideDown UIInterfaceOrientationLandscapeLeft UIInterfaceOrientationLandscapeRight";
				INFOPLIST_KEY_UISupportedInterfaceOrientations_iPhone = "UIInterfaceOrientationPortrait UIInterfaceOrientationLandscapeLeft UIInterfaceOrientationLandscapeRight";
				LD_RUNPATH_SEARCH_PATHS = (
					"$(inherited)",
					"@executable_path/Frameworks",
				);
				MARKETING_VERSION = 1.0;
				PRODUCT_BUNDLE_IDENTIFIER = com.alfredo.Cinder;
				PRODUCT_NAME = "$(TARGET_NAME)";
				SWIFT_EMIT_LOC_STRINGS = YES;
				SWIFT_VERSION = 5.0;
				TARGETED_DEVICE_FAMILY = "1,2";
			};
			name = Debug;
		};
		38FE9BDF2BB09AD7001C4341 /* Release */ = {
			isa = XCBuildConfiguration;
			buildSettings = {
				ASSETCATALOG_COMPILER_APPICON_NAME = AppIcon;
				ASSETCATALOG_COMPILER_GLOBAL_ACCENT_COLOR_NAME = AccentColor;
				CODE_SIGN_STYLE = Automatic;
				CURRENT_PROJECT_VERSION = 1;
				DEVELOPMENT_ASSET_PATHS = "\"Cinder/Preview Content\"";
				DEVELOPMENT_TEAM = 356X6XF9UX;
				ENABLE_PREVIEWS = YES;
				GENERATE_INFOPLIST_FILE = YES;
				INFOPLIST_KEY_UIApplicationSceneManifest_Generation = YES;
				INFOPLIST_KEY_UIApplicationSupportsIndirectInputEvents = YES;
				INFOPLIST_KEY_UILaunchScreen_Generation = YES;
				INFOPLIST_KEY_UISupportedInterfaceOrientations_iPad = "UIInterfaceOrientationPortrait UIInterfaceOrientationPortraitUpsideDown UIInterfaceOrientationLandscapeLeft UIInterfaceOrientationLandscapeRight";
				INFOPLIST_KEY_UISupportedInterfaceOrientations_iPhone = "UIInterfaceOrientationPortrait UIInterfaceOrientationLandscapeLeft UIInterfaceOrientationLandscapeRight";
				LD_RUNPATH_SEARCH_PATHS = (
					"$(inherited)",
					"@executable_path/Frameworks",
				);
				MARKETING_VERSION = 1.0;
				PRODUCT_BUNDLE_IDENTIFIER = com.alfredo.Cinder;
				PRODUCT_NAME = "$(TARGET_NAME)";
				SWIFT_EMIT_LOC_STRINGS = YES;
				SWIFT_VERSION = 5.0;
				TARGETED_DEVICE_FAMILY = "1,2";
			};
			name = Release;
		};
/* End XCBuildConfiguration section */

/* Begin XCConfigurationList section */
		38FE9BCA2BB09AD4001C4341 /* Build configuration list for PBXProject "Cinder" */ = {
			isa = XCConfigurationList;
			buildConfigurations = (
				38FE9BDB2BB09AD7001C4341 /* Debug */,
				38FE9BDC2BB09AD7001C4341 /* Release */,
			);
			defaultConfigurationIsVisible = 0;
			defaultConfigurationName = Release;
		};
		38FE9BDD2BB09AD7001C4341 /* Build configuration list for PBXNativeTarget "Cinder" */ = {
			isa = XCConfigurationList;
			buildConfigurations = (
				38FE9BDE2BB09AD7001C4341 /* Debug */,
				38FE9BDF2BB09AD7001C4341 /* Release */,
			);
			defaultConfigurationIsVisible = 0;
			defaultConfigurationName = Release;
		};
/* End XCConfigurationList section */
	};
	rootObject = 38FE9BC72BB09AD4001C4341 /* Project object */;
}
